
Microsoft Visual Studio Solution File, Format Version 12.00
# Visual Studio Version 17
VisualStudioVersion = 17.1.32210.238
MinimumVisualStudioVersion = 10.0.40219.1
Project("{9A19103F-16F7-4668-BE54-9A1E7A4F7556}") = "AnimeQuoteApi", "animequoteapi\AnimeQuoteApi.csproj", "{ED998798-C088-4F57-AC88-42BEC678E65B}"
EndProject
Project("{2150E333-8FDC-42A3-9474-1A3956D46DE8}") = "Solution Items", "Solution Items", "{FF069D88-447E-41C7-8360-DAE59E6D28DD}"
	ProjectSection(SolutionItems) = preProject
		prometheus.yml = prometheus.yml
	EndProjectSection
EndProject
Global
	GlobalSection(SolutionConfigurationPlatforms) = preSolution
		Debug|Any CPU = Debug|Any CPU
		Release|Any CPU = Release|Any CPU
	EndGlobalSection
	GlobalSection(ProjectConfigurationPlatforms) = postSolution
		{ED998798-C088-4F57-AC88-42BEC678E65B}.Debug|Any CPU.ActiveCfg = Debug|Any CPU
		{ED998798-C088-4F57-AC88-42BEC678E65B}.Debug|Any CPU.Build.0 = Debug|Any CPU
		{ED998798-C088-4F57-AC88-42BEC678E65B}.Release|Any CPU.ActiveCfg = Release|Any CPU
		{ED998798-C088-4F57-AC88-42BEC678E65B}.Release|Any CPU.Build.0 = Release|Any CPU
	EndGlobalSection
	GlobalSection(SolutionProperties) = preSolution
		HideSolutionNode = FALSE
	EndGlobalSection
	GlobalSection(ExtensibilityGlobals) = postSolution
		SolutionGuid = {05DDA687-DE93-4121-9ED4-54B11A9A47AE}
	EndGlobalSection
EndGlobal
